// !$*UTF8*$!
{
	archiveVersion = 1;
	classes = {
	};
	objectVersion = 50;
	objects = {

/* Begin PBXBuildFile section */
		3A0F1CB7212DD40600DC226F /* MealsVC.swift in Sources */ = {isa = PBXBuildFile; fileRef = 3A0F1CB6212DD40600DC226F /* MealsVC.swift */; };
		3A0F1CBF212E16AD00DC226F /* DLRadioButton.m in Sources */ = {isa = PBXBuildFile; fileRef = 3A0F1CBE212E16AD00DC226F /* DLRadioButton.m */; };
		3A18E9DB2131C2B60037EB01 /* UserSettings.swift in Sources */ = {isa = PBXBuildFile; fileRef = 3A18E9DA2131C2B60037EB01 /* UserSettings.swift */; };
		3A4917DC211F533B0043BBFE /* AppDelegate.swift in Sources */ = {isa = PBXBuildFile; fileRef = 3A4917DB211F533B0043BBFE /* AppDelegate.swift */; };
		3A4917DE211F533B0043BBFE /* ViewController.swift in Sources */ = {isa = PBXBuildFile; fileRef = 3A4917DD211F533B0043BBFE /* ViewController.swift */; };
		3A4917E1211F533B0043BBFE /* Main.storyboard in Resources */ = {isa = PBXBuildFile; fileRef = 3A4917DF211F533B0043BBFE /* Main.storyboard */; };
		3A4917E3211F533F0043BBFE /* Assets.xcassets in Resources */ = {isa = PBXBuildFile; fileRef = 3A4917E2211F533F0043BBFE /* Assets.xcassets */; };
		3A4917E6211F533F0043BBFE /* LaunchScreen.storyboard in Resources */ = {isa = PBXBuildFile; fileRef = 3A4917E4211F533F0043BBFE /* LaunchScreen.storyboard */; };
		3A4917EE211F56E60043BBFE /* credentials.plist in Resources */ = {isa = PBXBuildFile; fileRef = 3A4917ED211F56E50043BBFE /* credentials.plist */; };
		3A4917F021238DFD0043BBFE /* SettingsVC.swift in Sources */ = {isa = PBXBuildFile; fileRef = 3A4917EF21238DFD0043BBFE /* SettingsVC.swift */; };
		3A4917F22123CD290043BBFE /* MenuVC.swift in Sources */ = {isa = PBXBuildFile; fileRef = 3A4917F12123CD290043BBFE /* MenuVC.swift */; };
		3A4917F62123CDFE0043BBFE /* TotalVC.swift in Sources */ = {isa = PBXBuildFile; fileRef = 3A4917F52123CDFE0043BBFE /* TotalVC.swift */; };
		3A491834212880F50043BBFE /* BeforeMealsVC.swift in Sources */ = {isa = PBXBuildFile; fileRef = 3A491833212880F50043BBFE /* BeforeMealsVC.swift */; };
		72D1CADCA807EE1F3E900F20 /* Pods_Punch.framework in Frameworks */ = {isa = PBXBuildFile; fileRef = 292CB4487FA096F48DE11386 /* Pods_Punch.framework */; };
/* End PBXBuildFile section */

/* Begin PBXFileReference section */
		292CB4487FA096F48DE11386 /* Pods_Punch.framework */ = {isa = PBXFileReference; explicitFileType = wrapper.framework; includeInIndex = 0; path = Pods_Punch.framework; sourceTree = BUILT_PRODUCTS_DIR; };
		2FFD4E1E4ACF6DCBD4DAF4EB /* Pods-Punch.debug.xcconfig */ = {isa = PBXFileReference; includeInIndex = 1; lastKnownFileType = text.xcconfig; name = "Pods-Punch.debug.xcconfig"; path = "Pods/Target Support Files/Pods-Punch/Pods-Punch.debug.xcconfig"; sourceTree = "<group>"; };
		3A0F1CB6212DD40600DC226F /* MealsVC.swift */ = {isa = PBXFileReference; lastKnownFileType = sourcecode.swift; path = MealsVC.swift; sourceTree = "<group>"; };
		3A0F1CBC212E16AC00DC226F /* Punch-Bridging-Header.h */ = {isa = PBXFileReference; lastKnownFileType = sourcecode.c.h; path = "Punch-Bridging-Header.h"; sourceTree = "<group>"; };
		3A0F1CBD212E16AD00DC226F /* DLRadioButton.h */ = {isa = PBXFileReference; fileEncoding = 4; lastKnownFileType = sourcecode.c.h; path = DLRadioButton.h; sourceTree = "<group>"; };
		3A0F1CBE212E16AD00DC226F /* DLRadioButton.m */ = {isa = PBXFileReference; fileEncoding = 4; lastKnownFileType = sourcecode.c.objc; path = DLRadioButton.m; sourceTree = "<group>"; };
		3A18E9DA2131C2B60037EB01 /* UserSettings.swift */ = {isa = PBXFileReference; lastKnownFileType = sourcecode.swift; path = UserSettings.swift; sourceTree = "<group>"; };
		3A4917D8211F533B0043BBFE /* Punch.app */ = {isa = PBXFileReference; explicitFileType = wrapper.application; includeInIndex = 0; path = Punch.app; sourceTree = BUILT_PRODUCTS_DIR; };
		3A4917DB211F533B0043BBFE /* AppDelegate.swift */ = {isa = PBXFileReference; lastKnownFileType = sourcecode.swift; path = AppDelegate.swift; sourceTree = "<group>"; };
		3A4917DD211F533B0043BBFE /* ViewController.swift */ = {isa = PBXFileReference; lastKnownFileType = sourcecode.swift; path = ViewController.swift; sourceTree = "<group>"; };
		3A4917E0211F533B0043BBFE /* Base */ = {isa = PBXFileReference; lastKnownFileType = file.storyboard; name = Base; path = Base.lproj/Main.storyboard; sourceTree = "<group>"; };
		3A4917E2211F533F0043BBFE /* Assets.xcassets */ = {isa = PBXFileReference; lastKnownFileType = folder.assetcatalog; path = Assets.xcassets; sourceTree = "<group>"; };
		3A4917E5211F533F0043BBFE /* Base */ = {isa = PBXFileReference; lastKnownFileType = file.storyboard; name = Base; path = Base.lproj/LaunchScreen.storyboard; sourceTree = "<group>"; };
		3A4917E7211F533F0043BBFE /* Info.plist */ = {isa = PBXFileReference; lastKnownFileType = text.plist.xml; path = Info.plist; sourceTree = "<group>"; };
		3A4917ED211F56E50043BBFE /* credentials.plist */ = {isa = PBXFileReference; fileEncoding = 4; lastKnownFileType = text.plist.xml; path = credentials.plist; sourceTree = "<group>"; };
		3A4917EF21238DFD0043BBFE /* SettingsVC.swift */ = {isa = PBXFileReference; lastKnownFileType = sourcecode.swift; path = SettingsVC.swift; sourceTree = "<group>"; };
		3A4917F12123CD290043BBFE /* MenuVC.swift */ = {isa = PBXFileReference; lastKnownFileType = sourcecode.swift; path = MenuVC.swift; sourceTree = "<group>"; };
		3A4917F52123CDFE0043BBFE /* TotalVC.swift */ = {isa = PBXFileReference; lastKnownFileType = sourcecode.swift; path = TotalVC.swift; sourceTree = "<group>"; };
		3A491833212880F50043BBFE /* BeforeMealsVC.swift */ = {isa = PBXFileReference; lastKnownFileType = sourcecode.swift; path = BeforeMealsVC.swift; sourceTree = "<group>"; };
		E9C52072A75DA4E18F13CC0C /* Pods-Punch.release.xcconfig */ = {isa = PBXFileReference; includeInIndex = 1; lastKnownFileType = text.xcconfig; name = "Pods-Punch.release.xcconfig"; path = "Pods/Target Support Files/Pods-Punch/Pods-Punch.release.xcconfig"; sourceTree = "<group>"; };
/* End PBXFileReference section */

/* Begin PBXFrameworksBuildPhase section */
		3A4917D5211F533B0043BBFE /* Frameworks */ = {
			isa = PBXFrameworksBuildPhase;
			buildActionMask = 2147483647;
			files = (
				72D1CADCA807EE1F3E900F20 /* Pods_Punch.framework in Frameworks */,
			);
			runOnlyForDeploymentPostprocessing = 0;
		};
/* End PBXFrameworksBuildPhase section */

/* Begin PBXGroup section */
		3A4917CF211F533A0043BBFE = {
			isa = PBXGroup;
			children = (
				3A4917DA211F533B0043BBFE /* Punch */,
				3A4917D9211F533B0043BBFE /* Products */,
				87194F4C87FD889A088996C5 /* Pods */,
				AA92B4BBD18DA06942ACDB36 /* Frameworks */,
			);
			sourceTree = "<group>";
		};
		3A4917D9211F533B0043BBFE /* Products */ = {
			isa = PBXGroup;
			children = (
				3A4917D8211F533B0043BBFE /* Punch.app */,
			);
			name = Products;
			sourceTree = "<group>";
		};
		3A4917DA211F533B0043BBFE /* Punch */ = {
			isa = PBXGroup;
			children = (
				3A4917DB211F533B0043BBFE /* AppDelegate.swift */,
				3A4917DD211F533B0043BBFE /* ViewController.swift */,
				3A4917DF211F533B0043BBFE /* Main.storyboard */,
				3A4917E2211F533F0043BBFE /* Assets.xcassets */,
				3A4917E4211F533F0043BBFE /* LaunchScreen.storyboard */,
				3A4917E7211F533F0043BBFE /* Info.plist */,
				3A4917ED211F56E50043BBFE /* credentials.plist */,
				3A4917EF21238DFD0043BBFE /* SettingsVC.swift */,
				3A4917F12123CD290043BBFE /* MenuVC.swift */,
				3A4917F52123CDFE0043BBFE /* TotalVC.swift */,
				3A491833212880F50043BBFE /* BeforeMealsVC.swift */,
				3A0F1CB6212DD40600DC226F /* MealsVC.swift */,
				3A0F1CBD212E16AD00DC226F /* DLRadioButton.h */,
				3A0F1CBE212E16AD00DC226F /* DLRadioButton.m */,
				3A0F1CBC212E16AC00DC226F /* Punch-Bridging-Header.h */,
				3A18E9DA2131C2B60037EB01 /* UserSettings.swift */,
			);
			path = Punch;
			sourceTree = "<group>";
		};
		87194F4C87FD889A088996C5 /* Pods */ = {
			isa = PBXGroup;
			children = (
				2FFD4E1E4ACF6DCBD4DAF4EB /* Pods-Punch.debug.xcconfig */,
				E9C52072A75DA4E18F13CC0C /* Pods-Punch.release.xcconfig */,
			);
			name = Pods;
			sourceTree = "<group>";
		};
		AA92B4BBD18DA06942ACDB36 /* Frameworks */ = {
			isa = PBXGroup;
			children = (
				292CB4487FA096F48DE11386 /* Pods_Punch.framework */,
			);
			name = Frameworks;
			sourceTree = "<group>";
		};
/* End PBXGroup section */

/* Begin PBXNativeTarget section */
		3A4917D7211F533B0043BBFE /* Punch */ = {
			isa = PBXNativeTarget;
			buildConfigurationList = 3A4917EA211F533F0043BBFE /* Build configuration list for PBXNativeTarget "Punch" */;
			buildPhases = (
				47897F38C61CB4080CFC4995 /* [CP] Check Pods Manifest.lock */,
				3A4917D4211F533B0043BBFE /* Sources */,
				3A4917D5211F533B0043BBFE /* Frameworks */,
				3A4917D6211F533B0043BBFE /* Resources */,
				7720CB480CA2524A9A8E0F1F /* [CP] Embed Pods Frameworks */,
				DF9992591F76857E3D6B3E96 /* [CP] Copy Pods Resources */,
			);
			buildRules = (
			);
			dependencies = (
			);
			name = Punch;
			productName = Punch;
			productReference = 3A4917D8211F533B0043BBFE /* Punch.app */;
			productType = "com.apple.product-type.application";
		};
/* End PBXNativeTarget section */

/* Begin PBXProject section */
		3A4917D0211F533A0043BBFE /* Project object */ = {
			isa = PBXProject;
			attributes = {
				LastSwiftUpdateCheck = 0940;
				LastUpgradeCheck = 0940;
				ORGANIZATIONNAME = "Steven Ramirez";
				TargetAttributes = {
					3A4917D7211F533B0043BBFE = {
						CreatedOnToolsVersion = 9.4.1;
						LastSwiftMigration = 0940;
					};
				};
			};
			buildConfigurationList = 3A4917D3211F533A0043BBFE /* Build configuration list for PBXProject "Punch" */;
			compatibilityVersion = "Xcode 9.3";
			developmentRegion = en;
			hasScannedForEncodings = 0;
			knownRegions = (
				en,
				Base,
			);
			mainGroup = 3A4917CF211F533A0043BBFE;
			productRefGroup = 3A4917D9211F533B0043BBFE /* Products */;
			projectDirPath = "";
			projectRoot = "";
			targets = (
				3A4917D7211F533B0043BBFE /* Punch */,
			);
		};
/* End PBXProject section */

/* Begin PBXResourcesBuildPhase section */
		3A4917D6211F533B0043BBFE /* Resources */ = {
			isa = PBXResourcesBuildPhase;
			buildActionMask = 2147483647;
			files = (
				3A4917E6211F533F0043BBFE /* LaunchScreen.storyboard in Resources */,
				3A4917EE211F56E60043BBFE /* credentials.plist in Resources */,
				3A4917E3211F533F0043BBFE /* Assets.xcassets in Resources */,
				3A4917E1211F533B0043BBFE /* Main.storyboard in Resources */,
			);
			runOnlyForDeploymentPostprocessing = 0;
		};
/* End PBXResourcesBuildPhase section */

/* Begin PBXShellScriptBuildPhase section */
		47897F38C61CB4080CFC4995 /* [CP] Check Pods Manifest.lock */ = {
			isa = PBXShellScriptBuildPhase;
			buildActionMask = 2147483647;
			files = (
			);
			inputPaths = (
				"${PODS_PODFILE_DIR_PATH}/Podfile.lock",
				"${PODS_ROOT}/Manifest.lock",
			);
			name = "[CP] Check Pods Manifest.lock";
			outputPaths = (
				"$(DERIVED_FILE_DIR)/Pods-Punch-checkManifestLockResult.txt",
			);
			runOnlyForDeploymentPostprocessing = 0;
			shellPath = /bin/sh;
			shellScript = "diff \"${PODS_PODFILE_DIR_PATH}/Podfile.lock\" \"${PODS_ROOT}/Manifest.lock\" > /dev/null\nif [ $? != 0 ] ; then\n    # print error to STDERR\n    echo \"error: The sandbox is not in sync with the Podfile.lock. Run 'pod install' or update your CocoaPods installation.\" >&2\n    exit 1\nfi\n# This output is used by Xcode 'outputs' to avoid re-running this script phase.\necho \"SUCCESS\" > \"${SCRIPT_OUTPUT_FILE_0}\"\n";
			showEnvVarsInLog = 0;
		};
		7720CB480CA2524A9A8E0F1F /* [CP] Embed Pods Frameworks */ = {
			isa = PBXShellScriptBuildPhase;
			buildActionMask = 2147483647;
			files = (
			);
			inputPaths = (
				"${SRCROOT}/Pods/Target Support Files/Pods-Punch/Pods-Punch-frameworks.sh",
				"${BUILT_PRODUCTS_DIR}/GTMOAuth2/GTMOAuth2.framework",
				"${BUILT_PRODUCTS_DIR}/GTMSessionFetcher/GTMSessionFetcher.framework",
				"${BUILT_PRODUCTS_DIR}/GoogleToolboxForMac/GoogleToolboxForMac.framework",
				"${BUILT_PRODUCTS_DIR}/IQKeyboardManagerSwift/IQKeyboardManagerSwift.framework",
			);
			name = "[CP] Embed Pods Frameworks";
			outputPaths = (
				"${TARGET_BUILD_DIR}/${FRAMEWORKS_FOLDER_PATH}/GTMOAuth2.framework",
				"${TARGET_BUILD_DIR}/${FRAMEWORKS_FOLDER_PATH}/GTMSessionFetcher.framework",
				"${TARGET_BUILD_DIR}/${FRAMEWORKS_FOLDER_PATH}/GoogleToolboxForMac.framework",
				"${TARGET_BUILD_DIR}/${FRAMEWORKS_FOLDER_PATH}/IQKeyboardManagerSwift.framework",
			);
			runOnlyForDeploymentPostprocessing = 0;
			shellPath = /bin/sh;
			shellScript = "\"${SRCROOT}/Pods/Target Support Files/Pods-Punch/Pods-Punch-frameworks.sh\"\n";
			showEnvVarsInLog = 0;
		};
		DF9992591F76857E3D6B3E96 /* [CP] Copy Pods Resources */ = {
			isa = PBXShellScriptBuildPhase;
			buildActionMask = 2147483647;
			files = (
			);
			inputPaths = (
				"${SRCROOT}/Pods/Target Support Files/Pods-Punch/Pods-Punch-resources.sh",
				"${PODS_ROOT}/GoogleSignIn/Resources/GoogleSignIn.bundle",
			);
			name = "[CP] Copy Pods Resources";
			outputPaths = (
				"${TARGET_BUILD_DIR}/${UNLOCALIZED_RESOURCES_FOLDER_PATH}/GoogleSignIn.bundle",
			);
			runOnlyForDeploymentPostprocessing = 0;
			shellPath = /bin/sh;
			shellScript = "\"${SRCROOT}/Pods/Target Support Files/Pods-Punch/Pods-Punch-resources.sh\"\n";
			showEnvVarsInLog = 0;
		};
/* End PBXShellScriptBuildPhase section */

/* Begin PBXSourcesBuildPhase section */
		3A4917D4211F533B0043BBFE /* Sources */ = {
			isa = PBXSourcesBuildPhase;
			buildActionMask = 2147483647;
			files = (
				3A491834212880F50043BBFE /* BeforeMealsVC.swift in Sources */,
				3A0F1CB7212DD40600DC226F /* MealsVC.swift in Sources */,
				3A4917DE211F533B0043BBFE /* ViewController.swift in Sources */,
				3A4917F22123CD290043BBFE /* MenuVC.swift in Sources */,
				3A18E9DB2131C2B60037EB01 /* UserSettings.swift in Sources */,
				3A4917DC211F533B0043BBFE /* AppDelegate.swift in Sources */,
				3A0F1CBF212E16AD00DC226F /* DLRadioButton.m in Sources */,
				3A4917F62123CDFE0043BBFE /* TotalVC.swift in Sources */,
				3A4917F021238DFD0043BBFE /* SettingsVC.swift in Sources */,
			);
			runOnlyForDeploymentPostprocessing = 0;
		};
/* End PBXSourcesBuildPhase section */

/* Begin PBXVariantGroup section */
		3A4917DF211F533B0043BBFE /* Main.storyboard */ = {
			isa = PBXVariantGroup;
			children = (
				3A4917E0211F533B0043BBFE /* Base */,
			);
			name = Main.storyboard;
			sourceTree = "<group>";
		};
		3A4917E4211F533F0043BBFE /* LaunchScreen.storyboard */ = {
			isa = PBXVariantGroup;
			children = (
				3A4917E5211F533F0043BBFE /* Base */,
			);
			name = LaunchScreen.storyboard;
			sourceTree = "<group>";
		};
/* End PBXVariantGroup section */

/* Begin XCBuildConfiguration section */
		3A4917E8211F533F0043BBFE /* Debug */ = {
			isa = XCBuildConfiguration;
			buildSettings = {
				ALWAYS_SEARCH_USER_PATHS = NO;
				CLANG_ANALYZER_NONNULL = YES;
				CLANG_ANALYZER_NUMBER_OBJECT_CONVERSION = YES_AGGRESSIVE;
				CLANG_CXX_LANGUAGE_STANDARD = "gnu++14";
				CLANG_CXX_LIBRARY = "libc++";
				CLANG_ENABLE_MODULES = YES;
				CLANG_ENABLE_OBJC_ARC = YES;
				CLANG_ENABLE_OBJC_WEAK = YES;
				CLANG_WARN_BLOCK_CAPTURE_AUTORELEASING = YES;
				CLANG_WARN_BOOL_CONVERSION = YES;
				CLANG_WARN_COMMA = YES;
				CLANG_WARN_CONSTANT_CONVERSION = YES;
				CLANG_WARN_DEPRECATED_OBJC_IMPLEMENTATIONS = YES;
				CLANG_WARN_DIRECT_OBJC_ISA_USAGE = YES_ERROR;
				CLANG_WARN_DOCUMENTATION_COMMENTS = YES;
				CLANG_WARN_EMPTY_BODY = YES;
				CLANG_WARN_ENUM_CONVERSION = YES;
				CLANG_WARN_INFINITE_RECURSION = YES;
				CLANG_WARN_INT_CONVERSION = YES;
				CLANG_WARN_NON_LITERAL_NULL_CONVERSION = YES;
				CLANG_WARN_OBJC_IMPLICIT_RETAIN_SELF = YES;
				CLANG_WARN_OBJC_LITERAL_CONVERSION = YES;
				CLANG_WARN_OBJC_ROOT_CLASS = YES_ERROR;
				CLANG_WARN_RANGE_LOOP_ANALYSIS = YES;
				CLANG_WARN_STRICT_PROTOTYPES = YES;
				CLANG_WARN_SUSPICIOUS_MOVE = YES;
				CLANG_WARN_UNGUARDED_AVAILABILITY = YES_AGGRESSIVE;
				CLANG_WARN_UNREACHABLE_CODE = YES;
				CLANG_WARN__DUPLICATE_METHOD_MATCH = YES;
				CODE_SIGN_IDENTITY = "iPhone Developer";
				COPY_PHASE_STRIP = NO;
				DEBUG_INFORMATION_FORMAT = dwarf;
				ENABLE_STRICT_OBJC_MSGSEND = YES;
				ENABLE_TESTABILITY = YES;
				GCC_C_LANGUAGE_STANDARD = gnu11;
				GCC_DYNAMIC_NO_PIC = NO;
				GCC_NO_COMMON_BLOCKS = YES;
				GCC_OPTIMIZATION_LEVEL = 0;
				GCC_PREPROCESSOR_DEFINITIONS = (
					"DEBUG=1",
					"$(inherited)",
				);
				GCC_WARN_64_TO_32_BIT_CONVERSION = YES;
				GCC_WARN_ABOUT_RETURN_TYPE = YES_ERROR;
				GCC_WARN_UNDECLARED_SELECTOR = YES;
				GCC_WARN_UNINITIALIZED_AUTOS = YES_AGGRESSIVE;
				GCC_WARN_UNUSED_FUNCTION = YES;
				GCC_WARN_UNUSED_VARIABLE = YES;
				IPHONEOS_DEPLOYMENT_TARGET = 11.4;
				MTL_ENABLE_DEBUG_INFO = YES;
				ONLY_ACTIVE_ARCH = YES;
				SDKROOT = iphoneos;
				SWIFT_ACTIVE_COMPILATION_CONDITIONS = DEBUG;
				SWIFT_OPTIMIZATION_LEVEL = "-Onone";
			};
			name = Debug;
		};
		3A4917E9211F533F0043BBFE /* Release */ = {
			isa = XCBuildConfiguration;
			buildSettings = {
				ALWAYS_SEARCH_USER_PATHS = NO;
				CLANG_ANALYZER_NONNULL = YES;
				CLANG_ANALYZER_NUMBER_OBJECT_CONVERSION = YES_AGGRESSIVE;
				CLANG_CXX_LANGUAGE_STANDARD = "gnu++14";
				CLANG_CXX_LIBRARY = "libc++";
				CLANG_ENABLE_MODULES = YES;
				CLANG_ENABLE_OBJC_ARC = YES;
				CLANG_ENABLE_OBJC_WEAK = YES;
				CLANG_WARN_BLOCK_CAPTURE_AUTORELEASING = YES;
				CLANG_WARN_BOOL_CONVERSION = YES;
				CLANG_WARN_COMMA = YES;
				CLANG_WARN_CONSTANT_CONVERSION = YES;
				CLANG_WARN_DEPRECATED_OBJC_IMPLEMENTATIONS = YES;
				CLANG_WARN_DIRECT_OBJC_ISA_USAGE = YES_ERROR;
				CLANG_WARN_DOCUMENTATION_COMMENTS = YES;
				CLANG_WARN_EMPTY_BODY = YES;
				CLANG_WARN_ENUM_CONVERSION = YES;
				CLANG_WARN_INFINITE_RECURSION = YES;
				CLANG_WARN_INT_CONVERSION = YES;
				CLANG_WARN_NON_LITERAL_NULL_CONVERSION = YES;
				CLANG_WARN_OBJC_IMPLICIT_RETAIN_SELF = YES;
				CLANG_WARN_OBJC_LITERAL_CONVERSION = YES;
				CLANG_WARN_OBJC_ROOT_CLASS = YES_ERROR;
				CLANG_WARN_RANGE_LOOP_ANALYSIS = YES;
				CLANG_WARN_STRICT_PROTOTYPES = YES;
				CLANG_WARN_SUSPICIOUS_MOVE = YES;
				CLANG_WARN_UNGUARDED_AVAILABILITY = YES_AGGRESSIVE;
				CLANG_WARN_UNREACHABLE_CODE = YES;
				CLANG_WARN__DUPLICATE_METHOD_MATCH = YES;
				CODE_SIGN_IDENTITY = "iPhone Developer";
				COPY_PHASE_STRIP = NO;
				DEBUG_INFORMATION_FORMAT = "dwarf-with-dsym";
				ENABLE_NS_ASSERTIONS = NO;
				ENABLE_STRICT_OBJC_MSGSEND = YES;
				GCC_C_LANGUAGE_STANDARD = gnu11;
				GCC_NO_COMMON_BLOCKS = YES;
				GCC_WARN_64_TO_32_BIT_CONVERSION = YES;
				GCC_WARN_ABOUT_RETURN_TYPE = YES_ERROR;
				GCC_WARN_UNDECLARED_SELECTOR = YES;
				GCC_WARN_UNINITIALIZED_AUTOS = YES_AGGRESSIVE;
				GCC_WARN_UNUSED_FUNCTION = YES;
				GCC_WARN_UNUSED_VARIABLE = YES;
				IPHONEOS_DEPLOYMENT_TARGET = 11.4;
				MTL_ENABLE_DEBUG_INFO = NO;
				SDKROOT = iphoneos;
				SWIFT_COMPILATION_MODE = wholemodule;
				SWIFT_OPTIMIZATION_LEVEL = "-O";
				VALIDATE_PRODUCT = YES;
			};
			name = Release;
		};
		3A4917EB211F533F0043BBFE /* Debug */ = {
			isa = XCBuildConfiguration;
			baseConfigurationReference = 2FFD4E1E4ACF6DCBD4DAF4EB /* Pods-Punch.debug.xcconfig */;
			buildSettings = {
				ASSETCATALOG_COMPILER_APPICON_NAME = AppIcon;
				CLANG_ENABLE_MODULES = YES;
				CODE_SIGN_STYLE = Automatic;
				DEVELOPMENT_TEAM = V5YN79J52F;
				INFOPLIST_FILE = Punch/Info.plist;
				IPHONEOS_DEPLOYMENT_TARGET = 10.0;
				LD_RUNPATH_SEARCH_PATHS = (
					"$(inherited)",
					"@executable_path/Frameworks",
				);
				PRODUCT_BUNDLE_IDENTIFIER = com.sibdiv.Punch;
				PRODUCT_NAME = "$(TARGET_NAME)";
				SWIFT_OBJC_BRIDGING_HEADER = "Punch/Punch-Bridging-Header.h";
				SWIFT_OPTIMIZATION_LEVEL = "-Onone";
				SWIFT_VERSION = 4.0;
				TARGETED_DEVICE_FAMILY = "1,2";
			};
			name = Debug;
		};
		3A4917EC211F533F0043BBFE /* Release */ = {
			isa = XCBuildConfiguration;
			baseConfigurationReference = E9C52072A75DA4E18F13CC0C /* Pods-Punch.release.xcconfig */;
			buildSettings = {
				ASSETCATALOG_COMPILER_APPICON_NAME = AppIcon;
				CLANG_ENABLE_MODULES = YES;
				CODE_SIGN_STYLE = Automatic;
				DEVELOPMENT_TEAM = V5YN79J52F;
				INFOPLIST_FILE = Punch/Info.plist;
				IPHONEOS_DEPLOYMENT_TARGET = 10.0;
				LD_RUNPATH_SEARCH_PATHS = (
					"$(inherited)",
					"@executable_path/Frameworks",
				);
				PRODUCT_BUNDLE_IDENTIFIER = com.sibdiv.Punch;
				PRODUCT_NAME = "$(TARGET_NAME)";
				SWIFT_OBJC_BRIDGING_HEADER = "Punch/Punch-Bridging-Header.h";
				SWIFT_VERSION = 4.0;
				TARGETED_DEVICE_FAMILY = "1,2";
			};
			name = Release;
		};
/* End XCBuildConfiguration section */

/* Begin XCConfigurationList section */
		3A4917D3211F533A0043BBFE /* Build configuration list for PBXProject "Punch" */ = {
			isa = XCConfigurationList;
			buildConfigurations = (
				3A4917E8211F533F0043BBFE /* Debug */,
				3A4917E9211F533F0043BBFE /* Release */,
			);
			defaultConfigurationIsVisible = 0;
			defaultConfigurationName = Release;
		};
		3A4917EA211F533F0043BBFE /* Build configuration list for PBXNativeTarget "Punch" */ = {
			isa = XCConfigurationList;
			buildConfigurations = (
				3A4917EB211F533F0043BBFE /* Debug */,
				3A4917EC211F533F0043BBFE /* Release */,
			);
			defaultConfigurationIsVisible = 0;
			defaultConfigurationName = Release;
		};
/* End XCConfigurationList section */
	};
	rootObject = 3A4917D0211F533A0043BBFE /* Project object */;
}
